{
  "name": "snap-store",
  "version": "0.1.3",
  "lockfileVersion": 3,
  "requires": true,
  "packages": {
    "": {
      "name": "snap-store",
      "version": "0.1.3",
      "license": "MIT",
      "dependencies": {
        "immer": "^11.1.3"
      },
      "devDependencies": {
        "@types/react": "^19.2.7",
        "typescript": "^5.9.3"
      },
      "engines": {
        "node": ">=16.0.0"
      },
      "peerDependencies": {
        "react": ">=18.0.0"
      }
    },
    "node_modules/@types/react": {
      "version": "19.2.7",
      "resolved": "https://registry.npmjs.org/@types/react/-/react-19.2.7.tgz",
      "integrity": "sha512-MWtvHrGZLFttgeEj28VXHxpmwYbor/ATPYbBfSFZEIRK0ecCFLl2Qo55z52Hss+UV9CRN7trSeq1zbgx7YDWWg==",
      "dev": true,
      "license": "MIT",
      "dependencies": {
        "csstype": "^3.2.2"
      }
    },
    "node_modules/csstype": {
      "version": "3.2.3",
      "resolved": "https://registry.npmjs.org/csstype/-/csstype-3.2.3.tgz",
      "integrity": "sha512-z1HGKcYy2xA8AGQfwrn0PAy+PB7X/GSj3UVJW9qKyn43xWa+gl5nXmU4qqLMRzWVLFC8KusUX8T/0kCiOYpAIQ==",
      "dev": true,
      "license": "MIT"
    },
    "node_modules/immer": {
      "version": "11.1.3",
      "resolved": "https://registry.npmjs.org/immer/-/immer-11.1.3.tgz",
      "integrity": "sha512-6jQTc5z0KJFtr1UgFpIL3N9XSC3saRaI9PwWtzM2pSqkNGtiNkYY2OSwkOGDK2XcTRcLb1pi/aNkKZz0nxVH4Q==",
      "license": "MIT",
      "funding": {
        "type": "opencollective",
        "url": "https://opencollective.com/immer"
      }
    },
    "node_modules/react": {
      "version": "19.2.0",
      "resolved": "https://registry.npmjs.org/react/-/react-19.2.0.tgz",
      "integrity": "sha512-tmbWg6W31tQLeB5cdIBOicJDJRR2KzXsV7uSK9iNfLWQ5bIZfxuPEHp7M8wiHyHnn0DD1i7w3Zmin0FtkrwoCQ==",
      "license": "MIT",
      "peer": true,
      "engines": {
        "node": ">=0.10.0"
      }
    },
    "node_modules/typescript": {
      "version": "5.9.3",
      "resolved": "https://registry.npmjs.org/typescript/-/typescript-5.9.3.tgz",
      "integrity": "sha512-jl1vZzPDinLr9eUt3J/t7V6FgNEw9QjvBPdysz9KfQDD41fQrC2Y4vKQdiaUpFT4bXlb1RHhLpp8wtm6M5TgSw==",
      "dev": true,
      "license": "Apache-2.0",
      "bin": {
        "tsc": "bin/tsc",
        "tsserver": "bin/tsserver"
      },
      "engines": {
        "node": ">=14.17"
      }
    }
  }
}
