{
  "name": "snap-store",
  "version": "0.1.6",
  "lockfileVersion": 3,
  "requires": true,
  "packages": {
    "": {
      "name": "snap-store",
      "version": "0.1.6",
      "license": "MIT",
      "dependencies": {
        "immer": "^11.1.4"
      },
      "devDependencies": {
        "@types/react": "^19.2.14",
        "typescript": "^6.0.3"
      },
      "engines": {
        "node": ">=16.0.0"
      },
      "peerDependencies": {
        "react": ">=18.0.0"
      }
    },
    "node_modules/@types/react": {
      "version": "19.2.16",
      "resolved": "https://registry.npmjs.org/@types/react/-/react-19.2.16.tgz",
      "integrity": "sha512-esJiCAnl0kfpNdE69f3So4WJUXy95dLZydX0KwK46riIHDzHM7O9Vtf9xCHW0PXIqvgqNrswl522kA/5yx+F4w==",
      "dev": true,
      "license": "MIT",
      "dependencies": {
        "csstype": "^3.2.2"
      }
    },
    "node_modules/csstype": {
      "version": "3.2.3",
      "resolved": "https://registry.npmjs.org/csstype/-/csstype-3.2.3.tgz",
      "integrity": "sha512-z1HGKcYy2xA8AGQfwrn0PAy+PB7X/GSj3UVJW9qKyn43xWa+gl5nXmU4qqLMRzWVLFC8KusUX8T/0kCiOYpAIQ==",
      "dev": true,
      "license": "MIT"
    },
    "node_modules/immer": {
      "version": "11.1.8",
      "resolved": "https://registry.npmjs.org/immer/-/immer-11.1.8.tgz",
      "integrity": "sha512-/tbkHMW7y10Lx6i1crLjD4/OhNkRG+Fo7byZHtah0547nIeXYcpIXaUh0IAQY6gO5459qpGGYapcEOHtFXkIuA==",
      "license": "MIT",
      "funding": {
        "type": "opencollective",
        "url": "https://opencollective.com/immer"
      }
    },
    "node_modules/react": {
      "version": "19.2.0",
      "resolved": "https://registry.npmjs.org/react/-/react-19.2.0.tgz",
      "integrity": "sha512-tmbWg6W31tQLeB5cdIBOicJDJRR2KzXsV7uSK9iNfLWQ5bIZfxuPEHp7M8wiHyHnn0DD1i7w3Zmin0FtkrwoCQ==",
      "license": "MIT",
      "peer": true,
      "engines": {
        "node": ">=0.10.0"
      }
    },
    "node_modules/typescript": {
      "version": "6.0.3",
      "resolved": "https://registry.npmjs.org/typescript/-/typescript-6.0.3.tgz",
      "integrity": "sha512-y2TvuxSZPDyQakkFRPZHKFm+KKVqIisdg9/CZwm9ftvKXLP8NRWj38/ODjNbr43SsoXqNuAisEf1GdCxqWcdBw==",
      "dev": true,
      "license": "Apache-2.0",
      "bin": {
        "tsc": "bin/tsc",
        "tsserver": "bin/tsserver"
      },
      "engines": {
        "node": ">=14.17"
      }
    }
  }
}
